
Microsoft Visual Studio Solution File, Format Version 12.00
# Visual Studio Version 16
VisualStudioVersion = 16.0.29509.3
MinimumVisualStudioVersion = 10.0.40219.1
Project("{FAE04EC0-301F-11D3-BF4B-00C04F79EFBC}") = "MyWallet.Android", "MyWallet\MyWallet.Android\MyWallet.Android.csproj", "{7A3925D0-DA77-4933-A7C4-8F70BF5D2BF6}"
EndProject
Project("{FAE04EC0-301F-11D3-BF4B-00C04F79EFBC}") = "MyWallet.iOS", "MyWallet\MyWallet.iOS\MyWallet.iOS.csproj", "{AAE05EBE-895F-429F-BE05-B0E650A587A8}"
EndProject
Project("{9A19103F-16F7-4668-BE54-9A1E7A4F7556}") = "MyWallet", "MyWallet\MyWallet\MyWallet.csproj", "{4C652EA1-4099-47A5-83AD-95AFFB23E55F}"
EndProject
Project("{9A19103F-16F7-4668-BE54-9A1E7A4F7556}") = "SqlliteApp.Standard", "SqlliteApp.Standard\SqlliteApp.Standard.csproj", "{66B54757-7DE8-4828-B466-1B376D46AB29}"
EndProject
Global
	GlobalSection(SolutionConfigurationPlatforms) = preSolution
		Debug|Any CPU = Debug|Any CPU
		Debug|iPhone = Debug|iPhone
		Debug|iPhoneSimulator = Debug|iPhoneSimulator
		Release|Any CPU = Release|Any CPU
		Release|iPhone = Release|iPhone
		Release|iPhoneSimulator = Release|iPhoneSimulator
	EndGlobalSection
	GlobalSection(ProjectConfigurationPlatforms) = postSolution
		{7A3925D0-DA77-4933-A7C4-8F70BF5D2BF6}.Debug|Any CPU.ActiveCfg = Debug|Any CPU
		{7A3925D0-DA77-4933-A7C4-8F70BF5D2BF6}.Debug|Any CPU.Build.0 = Debug|Any CPU
		{7A3925D0-DA77-4933-A7C4-8F70BF5D2BF6}.Debug|Any CPU.Deploy.0 = Debug|Any CPU
		{7A3925D0-DA77-4933-A7C4-8F70BF5D2BF6}.Debug|iPhone.ActiveCfg = Debug|Any CPU
		{7A3925D0-DA77-4933-A7C4-8F70BF5D2BF6}.Debug|iPhone.Build.0 = Debug|Any CPU
		{7A3925D0-DA77-4933-A7C4-8F70BF5D2BF6}.Debug|iPhone.Deploy.0 = Debug|Any CPU
		{7A3925D0-DA77-4933-A7C4-8F70BF5D2BF6}.Debug|iPhoneSimulator.ActiveCfg = Debug|Any CPU
		{7A3925D0-DA77-4933-A7C4-8F70BF5D2BF6}.Debug|iPhoneSimulator.Build.0 = Debug|Any CPU
		{7A3925D0-DA77-4933-A7C4-8F70BF5D2BF6}.Debug|iPhoneSimulator.Deploy.0 = Debug|Any CPU
		{7A3925D0-DA77-4933-A7C4-8F70BF5D2BF6}.Release|Any CPU.ActiveCfg = Release|Any CPU
		{7A3925D0-DA77-4933-A7C4-8F70BF5D2BF6}.Release|Any CPU.Build.0 = Release|Any CPU
		{7A3925D0-DA77-4933-A7C4-8F70BF5D2BF6}.Release|Any CPU.Deploy.0 = Release|Any CPU
		{7A3925D0-DA77-4933-A7C4-8F70BF5D2BF6}.Release|iPhone.ActiveCfg = Release|Any CPU
		{7A3925D0-DA77-4933-A7C4-8F70BF5D2BF6}.Release|iPhone.Build.0 = Release|Any CPU
		{7A3925D0-DA77-4933-A7C4-8F70BF5D2BF6}.Release|iPhone.Deploy.0 = Release|Any CPU
		{7A3925D0-DA77-4933-A7C4-8F70BF5D2BF6}.Release|iPhoneSimulator.ActiveCfg = Release|Any CPU
		{7A3925D0-DA77-4933-A7C4-8F70BF5D2BF6}.Release|iPhoneSimulator.Build.0 = Release|Any CPU
		{7A3925D0-DA77-4933-A7C4-8F70BF5D2BF6}.Release|iPhoneSimulator.Deploy.0 = Release|Any CPU
		{AAE05EBE-895F-429F-BE05-B0E650A587A8}.Debug|Any CPU.ActiveCfg = Debug|iPhoneSimulator
		{AAE05EBE-895F-429F-BE05-B0E650A587A8}.Debug|Any CPU.Build.0 = Debug|iPhoneSimulator
		{AAE05EBE-895F-429F-BE05-B0E650A587A8}.Debug|Any CPU.Deploy.0 = Debug|iPhoneSimulator
		{AAE05EBE-895F-429F-BE05-B0E650A587A8}.Debug|iPhone.ActiveCfg = Debug|iPhone
		{AAE05EBE-895F-429F-BE05-B0E650A587A8}.Debug|iPhone.Build.0 = Debug|iPhone
		{AAE05EBE-895F-429F-BE05-B0E650A587A8}.Debug|iPhone.Deploy.0 = Debug|iPhone
		{AAE05EBE-895F-429F-BE05-B0E650A587A8}.Debug|iPhoneSimulator.ActiveCfg = Debug|iPhoneSimulator
		{AAE05EBE-895F-429F-BE05-B0E650A587A8}.Debug|iPhoneSimulator.Build.0 = Debug|iPhoneSimulator
		{AAE05EBE-895F-429F-BE05-B0E650A587A8}.Debug|iPhoneSimulator.Deploy.0 = Debug|iPhoneSimulator
		{AAE05EBE-895F-429F-BE05-B0E650A587A8}.Release|Any CPU.ActiveCfg = Release|iPhone
		{AAE05EBE-895F-429F-BE05-B0E650A587A8}.Release|Any CPU.Build.0 = Release|iPhone
		{AAE05EBE-895F-429F-BE05-B0E650A587A8}.Release|Any CPU.Deploy.0 = Release|iPhone
		{AAE05EBE-895F-429F-BE05-B0E650A587A8}.Release|iPhone.ActiveCfg = Release|iPhone
		{AAE05EBE-895F-429F-BE05-B0E650A587A8}.Release|iPhone.Build.0 = Release|iPhone
		{AAE05EBE-895F-429F-BE05-B0E650A587A8}.Release|iPhone.Deploy.0 = Release|iPhone
		{AAE05EBE-895F-429F-BE05-B0E650A587A8}.Release|iPhoneSimulator.ActiveCfg = Release|iPhoneSimulator
		{AAE05EBE-895F-429F-BE05-B0E650A587A8}.Release|iPhoneSimulator.Build.0 = Release|iPhoneSimulator
		{AAE05EBE-895F-429F-BE05-B0E650A587A8}.Release|iPhoneSimulator.Deploy.0 = Release|iPhoneSimulator
		{4C652EA1-4099-47A5-83AD-95AFFB23E55F}.Debug|Any CPU.ActiveCfg = Debug|Any CPU
		{4C652EA1-4099-47A5-83AD-95AFFB23E55F}.Debug|Any CPU.Build.0 = Debug|Any CPU
		{4C652EA1-4099-47A5-83AD-95AFFB23E55F}.Debug|Any CPU.Deploy.0 = Debug|Any CPU
		{4C652EA1-4099-47A5-83AD-95AFFB23E55F}.Debug|iPhone.ActiveCfg = Debug|Any CPU
		{4C652EA1-4099-47A5-83AD-95AFFB23E55F}.Debug|iPhone.Build.0 = Debug|Any CPU
		{4C652EA1-4099-47A5-83AD-95AFFB23E55F}.Debug|iPhone.Deploy.0 = Debug|Any CPU
		{4C652EA1-4099-47A5-83AD-95AFFB23E55F}.Debug|iPhoneSimulator.ActiveCfg = Debug|Any CPU
		{4C652EA1-4099-47A5-83AD-95AFFB23E55F}.Debug|iPhoneSimulator.Build.0 = Debug|Any CPU
		{4C652EA1-4099-47A5-83AD-95AFFB23E55F}.Debug|iPhoneSimulator.Deploy.0 = Debug|Any CPU
		{4C652EA1-4099-47A5-83AD-95AFFB23E55F}.Release|Any CPU.ActiveCfg = Release|Any CPU
		{4C652EA1-4099-47A5-83AD-95AFFB23E55F}.Release|Any CPU.Build.0 = Release|Any CPU
		{4C652EA1-4099-47A5-83AD-95AFFB23E55F}.Release|Any CPU.Deploy.0 = Release|Any CPU
		{4C652EA1-4099-47A5-83AD-95AFFB23E55F}.Release|iPhone.ActiveCfg = Release|Any CPU
		{4C652EA1-4099-47A5-83AD-95AFFB23E55F}.Release|iPhone.Build.0 = Release|Any CPU
		{4C652EA1-4099-47A5-83AD-95AFFB23E55F}.Release|iPhone.Deploy.0 = Release|Any CPU
		{4C652EA1-4099-47A5-83AD-95AFFB23E55F}.Release|iPhoneSimulator.ActiveCfg = Release|Any CPU
		{4C652EA1-4099-47A5-83AD-95AFFB23E55F}.Release|iPhoneSimulator.Build.0 = Release|Any CPU
		{4C652EA1-4099-47A5-83AD-95AFFB23E55F}.Release|iPhoneSimulator.Deploy.0 = Release|Any CPU
		{66B54757-7DE8-4828-B466-1B376D46AB29}.Debug|Any CPU.ActiveCfg = Debug|Any CPU
		{66B54757-7DE8-4828-B466-1B376D46AB29}.Debug|Any CPU.Build.0 = Debug|Any CPU
		{66B54757-7DE8-4828-B466-1B376D46AB29}.Debug|iPhone.ActiveCfg = Debug|Any CPU
		{66B54757-7DE8-4828-B466-1B376D46AB29}.Debug|iPhone.Build.0 = Debug|Any CPU
		{66B54757-7DE8-4828-B466-1B376D46AB29}.Debug|iPhoneSimulator.ActiveCfg = Debug|Any CPU
		{66B54757-7DE8-4828-B466-1B376D46AB29}.Debug|iPhoneSimulator.Build.0 = Debug|Any CPU
		{66B54757-7DE8-4828-B466-1B376D46AB29}.Release|Any CPU.ActiveCfg = Release|Any CPU
		{66B54757-7DE8-4828-B466-1B376D46AB29}.Release|Any CPU.Build.0 = Release|Any CPU
		{66B54757-7DE8-4828-B466-1B376D46AB29}.Release|iPhone.ActiveCfg = Release|Any CPU
		{66B54757-7DE8-4828-B466-1B376D46AB29}.Release|iPhone.Build.0 = Release|Any CPU
		{66B54757-7DE8-4828-B466-1B376D46AB29}.Release|iPhoneSimulator.ActiveCfg = Release|Any CPU
		{66B54757-7DE8-4828-B466-1B376D46AB29}.Release|iPhoneSimulator.Build.0 = Release|Any CPU
	EndGlobalSection
	GlobalSection(SolutionProperties) = preSolution
		HideSolutionNode = FALSE
	EndGlobalSection
	GlobalSection(ExtensibilityGlobals) = postSolution
		SolutionGuid = {4280233E-C012-45A5-890A-0240CD68A67C}
	EndGlobalSection
EndGlobal
